// !$*UTF8*$!
{
	archiveVersion = 1;
	classes = {
	};
	objectVersion = 46;
	objects = {

/* Begin PBXBuildFile section */
		D3E379F61B686C9E0073D401 /* main.m in Sources */ = {isa = PBXBuildFile; fileRef = D3E379F51B686C9E0073D401 /* main.m */; };
		D3E379F91B686C9E0073D401 /* AppDelegate.m in Sources */ = {isa = PBXBuildFile; fileRef = D3E379F81B686C9E0073D401 /* AppDelegate.m */; };
		D3E379FC1B686C9E0073D401 /* ViewController.m in Sources */ = {isa = PBXBuildFile; fileRef = D3E379FB1B686C9E0073D401 /* ViewController.m */; };
		D3E379FF1B686C9E0073D401 /* Main.storyboard in Resources */ = {isa = PBXBuildFile; fileRef = D3E379FD1B686C9E0073D401 /* Main.storyboard */; };
		D3E37A011B686C9E0073D401 /* Images.xcassets in Resources */ = {isa = PBXBuildFile; fileRef = D3E37A001B686C9E0073D401 /* Images.xcassets */; };
		D3E37A041B686C9E0073D401 /* LaunchScreen.xib in Resources */ = {isa = PBXBuildFile; fileRef = D3E37A021B686C9E0073D401 /* LaunchScreen.xib */; };
		D3E37A101B686C9E0073D401 /* mybuildingTests.m in Sources */ = {isa = PBXBuildFile; fileRef = D3E37A0F1B686C9E0073D401 /* mybuildingTests.m */; };
		D3E37A511B68BAA20073D401 /* AFHTTPRequestOperation.m in Sources */ = {isa = PBXBuildFile; fileRef = D3E37A261B68BAA20073D401 /* AFHTTPRequestOperation.m */; };
		D3E37A521B68BAA20073D401 /* AFHTTPRequestOperationManager.m in Sources */ = {isa = PBXBuildFile; fileRef = D3E37A281B68BAA20073D401 /* AFHTTPRequestOperationManager.m */; };
		D3E37A531B68BAA20073D401 /* AFHTTPSessionManager.m in Sources */ = {isa = PBXBuildFile; fileRef = D3E37A2A1B68BAA20073D401 /* AFHTTPSessionManager.m */; };
		D3E37A541B68BAA20073D401 /* AFNetworkReachabilityManager.m in Sources */ = {isa = PBXBuildFile; fileRef = D3E37A2D1B68BAA20073D401 /* AFNetworkReachabilityManager.m */; };
		D3E37A551B68BAA20073D401 /* AFSecurityPolicy.m in Sources */ = {isa = PBXBuildFile; fileRef = D3E37A2F1B68BAA20073D401 /* AFSecurityPolicy.m */; };
		D3E37A561B68BAA20073D401 /* AFURLConnectionOperation.m in Sources */ = {isa = PBXBuildFile; fileRef = D3E37A311B68BAA20073D401 /* AFURLConnectionOperation.m */; };
		D3E37A571B68BAA20073D401 /* AFURLRequestSerialization.m in Sources */ = {isa = PBXBuildFile; fileRef = D3E37A331B68BAA20073D401 /* AFURLRequestSerialization.m */; };
		D3E37A581B68BAA20073D401 /* AFURLResponseSerialization.m in Sources */ = {isa = PBXBuildFile; fileRef = D3E37A351B68BAA20073D401 /* AFURLResponseSerialization.m */; };
		D3E37A591B68BAA20073D401 /* AFURLSessionManager.m in Sources */ = {isa = PBXBuildFile; fileRef = D3E37A371B68BAA20073D401 /* AFURLSessionManager.m */; };
		D3E37A5A1B68BAA20073D401 /* ConnectionAvailable.m in Sources */ = {isa = PBXBuildFile; fileRef = D3E37A3A1B68BAA20073D401 /* ConnectionAvailable.m */; };
		D3E37A5B1B68BAA20073D401 /* networkConnect.m in Sources */ = {isa = PBXBuildFile; fileRef = D3E37A3C1B68BAA20073D401 /* networkConnect.m */; };
		D3E37A5C1B68BAA20073D401 /* Reachability.m in Sources */ = {isa = PBXBuildFile; fileRef = D3E37A3E1B68BAA20073D401 /* Reachability.m */; settings = {COMPILER_FLAGS = "-fno-objc-arc"; }; };
		D3E37A5D1B68BAA20073D401 /* AFNetworkActivityIndicatorManager.m in Sources */ = {isa = PBXBuildFile; fileRef = D3E37A411B68BAA20073D401 /* AFNetworkActivityIndicatorManager.m */; };
		D3E37A5E1B68BAA20073D401 /* UIActivityIndicatorView+AFNetworking.m in Sources */ = {isa = PBXBuildFile; fileRef = D3E37A431B68BAA20073D401 /* UIActivityIndicatorView+AFNetworking.m */; };
		D3E37A5F1B68BAA20073D401 /* UIAlertView+AFNetworking.m in Sources */ = {isa = PBXBuildFile; fileRef = D3E37A451B68BAA20073D401 /* UIAlertView+AFNetworking.m */; };
		D3E37A601B68BAA20073D401 /* UIButton+AFNetworking.m in Sources */ = {isa = PBXBuildFile; fileRef = D3E37A471B68BAA20073D401 /* UIButton+AFNetworking.m */; };
		D3E37A611B68BAA20073D401 /* UIImageView+AFNetworking.m in Sources */ = {isa = PBXBuildFile; fileRef = D3E37A491B68BAA20073D401 /* UIImageView+AFNetworking.m */; };
		D3E37A621B68BAA20073D401 /* UIProgressView+AFNetworking.m in Sources */ = {isa = PBXBuildFile; fileRef = D3E37A4C1B68BAA20073D401 /* UIProgressView+AFNetworking.m */; };
		D3E37A631B68BAA20073D401 /* UIRefreshControl+AFNetworking.m in Sources */ = {isa = PBXBuildFile; fileRef = D3E37A4E1B68BAA20073D401 /* UIRefreshControl+AFNetworking.m */; };
		D3E37A641B68BAA20073D401 /* UIWebView+AFNetworking.m in Sources */ = {isa = PBXBuildFile; fileRef = D3E37A501B68BAA20073D401 /* UIWebView+AFNetworking.m */; };
		D3E37A661B68C1690073D401 /* Foundation.framework in Frameworks */ = {isa = PBXBuildFile; fileRef = D3E37A651B68C1680073D401 /* Foundation.framework */; };
		D3E37A681B68C1740073D401 /* UIKit.framework in Frameworks */ = {isa = PBXBuildFile; fileRef = D3E37A671B68C1740073D401 /* UIKit.framework */; };
		D3E37A6A1B68C1860073D401 /* CoreGraphics.framework in Frameworks */ = {isa = PBXBuildFile; fileRef = D3E37A691B68C1860073D401 /* CoreGraphics.framework */; };
		D3E37A6C1B68C1930073D401 /* MobileCoreServices.framework in Frameworks */ = {isa = PBXBuildFile; fileRef = D3E37A6B1B68C1930073D401 /* MobileCoreServices.framework */; };
		D3E37A6E1B68C19D0073D401 /* SystemConfiguration.framework in Frameworks */ = {isa = PBXBuildFile; fileRef = D3E37A6D1B68C19D0073D401 /* SystemConfiguration.framework */; };
		D3E37A701B68C1A80073D401 /* Security.framework in Frameworks */ = {isa = PBXBuildFile; fileRef = D3E37A6F1B68C1A80073D401 /* Security.framework */; };
		D3E37A721B68C1B60073D401 /* CoreLocation.framework in Frameworks */ = {isa = PBXBuildFile; fileRef = D3E37A711B68C1B60073D401 /* CoreLocation.framework */; };
		D3E37A751B68C2B20073D401 /* AFAppDotNetAPIClient.m in Sources */ = {isa = PBXBuildFile; fileRef = D3E37A741B68C2B20073D401 /* AFAppDotNetAPIClient.m */; };
		D3E37A791B68D15D0073D401 /* SendRequst.m in Sources */ = {isa = PBXBuildFile; fileRef = D3E37A781B68D15D0073D401 /* SendRequst.m */; };
		D3E37A7D1B68D1BA0073D401 /* TestNetWorking.m in Sources */ = {isa = PBXBuildFile; fileRef = D3E37A7C1B68D1BA0073D401 /* TestNetWorking.m */; };
/* End PBXBuildFile section */

/* Begin PBXContainerItemProxy section */
		D3E37A0A1B686C9E0073D401 /* PBXContainerItemProxy */ = {
			isa = PBXContainerItemProxy;
			containerPortal = D3E379E81B686C9E0073D401 /* Project object */;
			proxyType = 1;
			remoteGlobalIDString = D3E379EF1B686C9E0073D401;
			remoteInfo = mybuilding;
		};
/* End PBXContainerItemProxy section */

/* Begin PBXFileReference section */
		D3E379F01B686C9E0073D401 /* mybuilding.app */ = {isa = PBXFileReference; explicitFileType = wrapper.application; includeInIndex = 0; path = mybuilding.app; sourceTree = BUILT_PRODUCTS_DIR; };
		D3E379F41B686C9E0073D401 /* Info.plist */ = {isa = PBXFileReference; lastKnownFileType = text.plist.xml; path = Info.plist; sourceTree = "<group>"; };
		D3E379F51B686C9E0073D401 /* main.m */ = {isa = PBXFileReference; lastKnownFileType = sourcecode.c.objc; path = main.m; sourceTree = "<group>"; };
		D3E379F71B686C9E0073D401 /* AppDelegate.h */ = {isa = PBXFileReference; lastKnownFileType = sourcecode.c.h; path = AppDelegate.h; sourceTree = "<group>"; };
		D3E379F81B686C9E0073D401 /* AppDelegate.m */ = {isa = PBXFileReference; lastKnownFileType = sourcecode.c.objc; path = AppDelegate.m; sourceTree = "<group>"; };
		D3E379FA1B686C9E0073D401 /* ViewController.h */ = {isa = PBXFileReference; lastKnownFileType = sourcecode.c.h; path = ViewController.h; sourceTree = "<group>"; };
		D3E379FB1B686C9E0073D401 /* ViewController.m */ = {isa = PBXFileReference; lastKnownFileType = sourcecode.c.objc; path = ViewController.m; sourceTree = "<group>"; };
		D3E379FE1B686C9E0073D401 /* Base */ = {isa = PBXFileReference; lastKnownFileType = file.storyboard; name = Base; path = Base.lproj/Main.storyboard; sourceTree = "<group>"; };
		D3E37A001B686C9E0073D401 /* Images.xcassets */ = {isa = PBXFileReference; lastKnownFileType = folder.assetcatalog; path = Images.xcassets; sourceTree = "<group>"; };
		D3E37A031B686C9E0073D401 /* Base */ = {isa = PBXFileReference; lastKnownFileType = file.xib; name = Base; path = Base.lproj/LaunchScreen.xib; sourceTree = "<group>"; };
		D3E37A091B686C9E0073D401 /* mybuildingTests.xctest */ = {isa = PBXFileReference; explicitFileType = wrapper.cfbundle; includeInIndex = 0; path = mybuildingTests.xctest; sourceTree = BUILT_PRODUCTS_DIR; };
		D3E37A0E1B686C9E0073D401 /* Info.plist */ = {isa = PBXFileReference; lastKnownFileType = text.plist.xml; path = Info.plist; sourceTree = "<group>"; };
		D3E37A0F1B686C9E0073D401 /* mybuildingTests.m */ = {isa = PBXFileReference; lastKnownFileType = sourcecode.c.objc; path = mybuildingTests.m; sourceTree = "<group>"; };
		D3E37A251B68BAA20073D401 /* AFHTTPRequestOperation.h */ = {isa = PBXFileReference; fileEncoding = 4; lastKnownFileType = sourcecode.c.h; path = AFHTTPRequestOperation.h; sourceTree = "<group>"; };
		D3E37A261B68BAA20073D401 /* AFHTTPRequestOperation.m */ = {isa = PBXFileReference; fileEncoding = 4; lastKnownFileType = sourcecode.c.objc; path = AFHTTPRequestOperation.m; sourceTree = "<group>"; };
		D3E37A271B68BAA20073D401 /* AFHTTPRequestOperationManager.h */ = {isa = PBXFileReference; fileEncoding = 4; lastKnownFileType = sourcecode.c.h; path = AFHTTPRequestOperationManager.h; sourceTree = "<group>"; };
		D3E37A281B68BAA20073D401 /* AFHTTPRequestOperationManager.m */ = {isa = PBXFileReference; fileEncoding = 4; lastKnownFileType = sourcecode.c.objc; path = AFHTTPRequestOperationManager.m; sourceTree = "<group>"; };
		D3E37A291B68BAA20073D401 /* AFHTTPSessionManager.h */ = {isa = PBXFileReference; fileEncoding = 4; lastKnownFileType = sourcecode.c.h; path = AFHTTPSessionManager.h; sourceTree = "<group>"; };
		D3E37A2A1B68BAA20073D401 /* AFHTTPSessionManager.m */ = {isa = PBXFileReference; fileEncoding = 4; lastKnownFileType = sourcecode.c.objc; path = AFHTTPSessionManager.m; sourceTree = "<group>"; };
		D3E37A2B1B68BAA20073D401 /* AFNetworking.h */ = {isa = PBXFileReference; fileEncoding = 4; lastKnownFileType = sourcecode.c.h; path = AFNetworking.h; sourceTree = "<group>"; };
		D3E37A2C1B68BAA20073D401 /* AFNetworkReachabilityManager.h */ = {isa = PBXFileReference; fileEncoding = 4; lastKnownFileType = sourcecode.c.h; path = AFNetworkReachabilityManager.h; sourceTree = "<group>"; };
		D3E37A2D1B68BAA20073D401 /* AFNetworkReachabilityManager.m */ = {isa = PBXFileReference; fileEncoding = 4; lastKnownFileType = sourcecode.c.objc; path = AFNetworkReachabilityManager.m; sourceTree = "<group>"; };
		D3E37A2E1B68BAA20073D401 /* AFSecurityPolicy.h */ = {isa = PBXFileReference; fileEncoding = 4; lastKnownFileType = sourcecode.c.h; path = AFSecurityPolicy.h; sourceTree = "<group>"; };
		D3E37A2F1B68BAA20073D401 /* AFSecurityPolicy.m */ = {isa = PBXFileReference; fileEncoding = 4; lastKnownFileType = sourcecode.c.objc; path = AFSecurityPolicy.m; sourceTree = "<group>"; };
		D3E37A301B68BAA20073D401 /* AFURLConnectionOperation.h */ = {isa = PBXFileReference; fileEncoding = 4; lastKnownFileType = sourcecode.c.h; path = AFURLConnectionOperation.h; sourceTree = "<group>"; };
		D3E37A311B68BAA20073D401 /* AFURLConnectionOperation.m */ = {isa = PBXFileReference; fileEncoding = 4; lastKnownFileType = sourcecode.c.objc; path = AFURLConnectionOperation.m; sourceTree = "<group>"; };
		D3E37A321B68BAA20073D401 /* AFURLRequestSerialization.h */ = {isa = PBXFileReference; fileEncoding = 4; lastKnownFileType = sourcecode.c.h; path = AFURLRequestSerialization.h; sourceTree = "<group>"; };
		D3E37A331B68BAA20073D401 /* AFURLRequestSerialization.m */ = {isa = PBXFileReference; fileEncoding = 4; lastKnownFileType = sourcecode.c.objc; path = AFURLRequestSerialization.m; sourceTree = "<group>"; };
		D3E37A341B68BAA20073D401 /* AFURLResponseSerialization.h */ = {isa = PBXFileReference; fileEncoding = 4; lastKnownFileType = sourcecode.c.h; path = AFURLResponseSerialization.h; sourceTree = "<group>"; };
		D3E37A351B68BAA20073D401 /* AFURLResponseSerialization.m */ = {isa = PBXFileReference; fileEncoding = 4; lastKnownFileType = sourcecode.c.objc; path = AFURLResponseSerialization.m; sourceTree = "<group>"; };
		D3E37A361B68BAA20073D401 /* AFURLSessionManager.h */ = {isa = PBXFileReference; fileEncoding = 4; lastKnownFileType = sourcecode.c.h; path = AFURLSessionManager.h; sourceTree = "<group>"; };
		D3E37A371B68BAA20073D401 /* AFURLSessionManager.m */ = {isa = PBXFileReference; fileEncoding = 4; lastKnownFileType = sourcecode.c.objc; path = AFURLSessionManager.m; sourceTree = "<group>"; };
		D3E37A391B68BAA20073D401 /* ConnectionAvailable.h */ = {isa = PBXFileReference; fileEncoding = 4; lastKnownFileType = sourcecode.c.h; path = ConnectionAvailable.h; sourceTree = "<group>"; };
		D3E37A3A1B68BAA20073D401 /* ConnectionAvailable.m */ = {isa = PBXFileReference; fileEncoding = 4; lastKnownFileType = sourcecode.c.objc; path = ConnectionAvailable.m; sourceTree = "<group>"; };
		D3E37A3B1B68BAA20073D401 /* networkConnect.h */ = {isa = PBXFileReference; fileEncoding = 4; lastKnownFileType = sourcecode.c.h; path = networkConnect.h; sourceTree = "<group>"; };
		D3E37A3C1B68BAA20073D401 /* networkConnect.m */ = {isa = PBXFileReference; fileEncoding = 4; lastKnownFileType = sourcecode.c.objc; path = networkConnect.m; sourceTree = "<group>"; };
		D3E37A3D1B68BAA20073D401 /* Reachability.h */ = {isa = PBXFileReference; fileEncoding = 4; lastKnownFileType = sourcecode.c.h; path = Reachability.h; sourceTree = "<group>"; };
		D3E37A3E1B68BAA20073D401 /* Reachability.m */ = {isa = PBXFileReference; fileEncoding = 4; lastKnownFileType = sourcecode.c.objc; path = Reachability.m; sourceTree = "<group>"; };
		D3E37A401B68BAA20073D401 /* AFNetworkActivityIndicatorManager.h */ = {isa = PBXFileReference; fileEncoding = 4; lastKnownFileType = sourcecode.c.h; path = AFNetworkActivityIndicatorManager.h; sourceTree = "<group>"; };
		D3E37A411B68BAA20073D401 /* AFNetworkActivityIndicatorManager.m */ = {isa = PBXFileReference; fileEncoding = 4; lastKnownFileType = sourcecode.c.objc; path = AFNetworkActivityIndicatorManager.m; sourceTree = "<group>"; };
		D3E37A421B68BAA20073D401 /* UIActivityIndicatorView+AFNetworking.h */ = {isa = PBXFileReference; fileEncoding = 4; lastKnownFileType = sourcecode.c.h; path = "UIActivityIndicatorView+AFNetworking.h"; sourceTree = "<group>"; };
		D3E37A431B68BAA20073D401 /* UIActivityIndicatorView+AFNetworking.m */ = {isa = PBXFileReference; fileEncoding = 4; lastKnownFileType = sourcecode.c.objc; path = "UIActivityIndicatorView+AFNetworking.m"; sourceTree = "<group>"; };
		D3E37A441B68BAA20073D401 /* UIAlertView+AFNetworking.h */ = {isa = PBXFileReference; fileEncoding = 4; lastKnownFileType = sourcecode.c.h; path = "UIAlertView+AFNetworking.h"; sourceTree = "<group>"; };
		D3E37A451B68BAA20073D401 /* UIAlertView+AFNetworking.m */ = {isa = PBXFileReference; fileEncoding = 4; lastKnownFileType = sourcecode.c.objc; path = "UIAlertView+AFNetworking.m"; sourceTree = "<group>"; };
		D3E37A461B68BAA20073D401 /* UIButton+AFNetworking.h */ = {isa = PBXFileReference; fileEncoding = 4; lastKnownFileType = sourcecode.c.h; path = "UIButton+AFNetworking.h"; sourceTree = "<group>"; };
		D3E37A471B68BAA20073D401 /* UIButton+AFNetworking.m */ = {isa = PBXFileReference; fileEncoding = 4; lastKnownFileType = sourcecode.c.objc; path = "UIButton+AFNetworking.m"; sourceTree = "<group>"; };
		D3E37A481B68BAA20073D401 /* UIImageView+AFNetworking.h */ = {isa = PBXFileReference; fileEncoding = 4; lastKnownFileType = sourcecode.c.h; path = "UIImageView+AFNetworking.h"; sourceTree = "<group>"; };
		D3E37A491B68BAA20073D401 /* UIImageView+AFNetworking.m */ = {isa = PBXFileReference; fileEncoding = 4; lastKnownFileType = sourcecode.c.objc; path = "UIImageView+AFNetworking.m"; sourceTree = "<group>"; };
		D3E37A4A1B68BAA20073D401 /* UIKit+AFNetworking.h */ = {isa = PBXFileReference; fileEncoding = 4; lastKnownFileType = sourcecode.c.h; path = "UIKit+AFNetworking.h"; sourceTree = "<group>"; };
		D3E37A4B1B68BAA20073D401 /* UIProgressView+AFNetworking.h */ = {isa = PBXFileReference; fileEncoding = 4; lastKnownFileType = sourcecode.c.h; path = "UIProgressView+AFNetworking.h"; sourceTree = "<group>"; };
		D3E37A4C1B68BAA20073D401 /* UIProgressView+AFNetworking.m */ = {isa = PBXFileReference; fileEncoding = 4; lastKnownFileType = sourcecode.c.objc; path = "UIProgressView+AFNetworking.m"; sourceTree = "<group>"; };
		D3E37A4D1B68BAA20073D401 /* UIRefreshControl+AFNetworking.h */ = {isa = PBXFileReference; fileEncoding = 4; lastKnownFileType = sourcecode.c.h; path = "UIRefreshControl+AFNetworking.h"; sourceTree = "<group>"; };
		D3E37A4E1B68BAA20073D401 /* UIRefreshControl+AFNetworking.m */ = {isa = PBXFileReference; fileEncoding = 4; lastKnownFileType = sourcecode.c.objc; path = "UIRefreshControl+AFNetworking.m"; sourceTree = "<group>"; };
		D3E37A4F1B68BAA20073D401 /* UIWebView+AFNetworking.h */ = {isa = PBXFileReference; fileEncoding = 4; lastKnownFileType = sourcecode.c.h; path = "UIWebView+AFNetworking.h"; sourceTree = "<group>"; };
		D3E37A501B68BAA20073D401 /* UIWebView+AFNetworking.m */ = {isa = PBXFileReference; fileEncoding = 4; lastKnownFileType = sourcecode.c.objc; path = "UIWebView+AFNetworking.m"; sourceTree = "<group>"; };
		D3E37A651B68C1680073D401 /* Foundation.framework */ = {isa = PBXFileReference; lastKnownFileType = wrapper.framework; name = Foundation.framework; path = System/Library/Frameworks/Foundation.framework; sourceTree = SDKROOT; };
		D3E37A671B68C1740073D401 /* UIKit.framework */ = {isa = PBXFileReference; lastKnownFileType = wrapper.framework; name = UIKit.framework; path = System/Library/Frameworks/UIKit.framework; sourceTree = SDKROOT; };
		D3E37A691B68C1860073D401 /* CoreGraphics.framework */ = {isa = PBXFileReference; lastKnownFileType = wrapper.framework; name = CoreGraphics.framework; path = System/Library/Frameworks/CoreGraphics.framework; sourceTree = SDKROOT; };
		D3E37A6B1B68C1930073D401 /* MobileCoreServices.framework */ = {isa = PBXFileReference; lastKnownFileType = wrapper.framework; name = MobileCoreServices.framework; path = System/Library/Frameworks/MobileCoreServices.framework; sourceTree = SDKROOT; };
		D3E37A6D1B68C19D0073D401 /* SystemConfiguration.framework */ = {isa = PBXFileReference; lastKnownFileType = wrapper.framework; name = SystemConfiguration.framework; path = System/Library/Frameworks/SystemConfiguration.framework; sourceTree = SDKROOT; };
		D3E37A6F1B68C1A80073D401 /* Security.framework */ = {isa = PBXFileReference; lastKnownFileType = wrapper.framework; name = Security.framework; path = System/Library/Frameworks/Security.framework; sourceTree = SDKROOT; };
		D3E37A711B68C1B60073D401 /* CoreLocation.framework */ = {isa = PBXFileReference; lastKnownFileType = wrapper.framework; name = CoreLocation.framework; path = System/Library/Frameworks/CoreLocation.framework; sourceTree = SDKROOT; };
		D3E37A731B68C2B20073D401 /* AFAppDotNetAPIClient.h */ = {isa = PBXFileReference; fileEncoding = 4; lastKnownFileType = sourcecode.c.h; path = AFAppDotNetAPIClient.h; sourceTree = "<group>"; };
		D3E37A741B68C2B20073D401 /* AFAppDotNetAPIClient.m */ = {isa = PBXFileReference; fileEncoding = 4; lastKnownFileType = sourcecode.c.objc; path = AFAppDotNetAPIClient.m; sourceTree = "<group>"; };
		D3E37A761B68C3250073D401 /* mybuilding.pch */ = {isa = PBXFileReference; lastKnownFileType = sourcecode.c.h; path = mybuilding.pch; sourceTree = "<group>"; };
		D3E37A771B68D15D0073D401 /* SendRequst.h */ = {isa = PBXFileReference; fileEncoding = 4; lastKnownFileType = sourcecode.c.h; path = SendRequst.h; sourceTree = "<group>"; };
		D3E37A781B68D15D0073D401 /* SendRequst.m */ = {isa = PBXFileReference; fileEncoding = 4; lastKnownFileType = sourcecode.c.objc; path = SendRequst.m; sourceTree = "<group>"; };
		D3E37A7B1B68D1BA0073D401 /* TestNetWorking.h */ = {isa = PBXFileReference; fileEncoding = 4; lastKnownFileType = sourcecode.c.h; path = TestNetWorking.h; sourceTree = "<group>"; };
		D3E37A7C1B68D1BA0073D401 /* TestNetWorking.m */ = {isa = PBXFileReference; fileEncoding = 4; lastKnownFileType = sourcecode.c.objc; path = TestNetWorking.m; sourceTree = "<group>"; };
/* End PBXFileReference section */

/* Begin PBXFrameworksBuildPhase section */
		D3E379ED1B686C9E0073D401 /* Frameworks */ = {
			isa = PBXFrameworksBuildPhase;
			buildActionMask = 2147483647;
			files = (
				D3E37A721B68C1B60073D401 /* CoreLocation.framework in Frameworks */,
				D3E37A701B68C1A80073D401 /* Security.framework in Frameworks */,
				D3E37A6E1B68C19D0073D401 /* SystemConfiguration.framework in Frameworks */,
				D3E37A6C1B68C1930073D401 /* MobileCoreServices.framework in Frameworks */,
				D3E37A6A1B68C1860073D401 /* CoreGraphics.framework in Frameworks */,
				D3E37A681B68C1740073D401 /* UIKit.framework in Frameworks */,
				D3E37A661B68C1690073D401 /* Foundation.framework in Frameworks */,
			);
			runOnlyForDeploymentPostprocessing = 0;
		};
		D3E37A061B686C9E0073D401 /* Frameworks */ = {
			isa = PBXFrameworksBuildPhase;
			buildActionMask = 2147483647;
			files = (
			);
			runOnlyForDeploymentPostprocessing = 0;
		};
/* End PBXFrameworksBuildPhase section */

/* Begin PBXGroup section */
		D3E379E71B686C9E0073D401 = {
			isa = PBXGroup;
			children = (
				D3E37A711B68C1B60073D401 /* CoreLocation.framework */,
				D3E37A6F1B68C1A80073D401 /* Security.framework */,
				D3E37A6D1B68C19D0073D401 /* SystemConfiguration.framework */,
				D3E37A6B1B68C1930073D401 /* MobileCoreServices.framework */,
				D3E37A691B68C1860073D401 /* CoreGraphics.framework */,
				D3E37A671B68C1740073D401 /* UIKit.framework */,
				D3E37A651B68C1680073D401 /* Foundation.framework */,
				D3E379F21B686C9E0073D401 /* mybuilding */,
				D3E37A0C1B686C9E0073D401 /* mybuildingTests */,
				D3E379F11B686C9E0073D401 /* Products */,
			);
			sourceTree = "<group>";
		};
		D3E379F11B686C9E0073D401 /* Products */ = {
			isa = PBXGroup;
			children = (
				D3E379F01B686C9E0073D401 /* mybuilding.app */,
				D3E37A091B686C9E0073D401 /* mybuildingTests.xctest */,
			);
			name = Products;
			sourceTree = "<group>";
		};
		D3E379F21B686C9E0073D401 /* mybuilding */ = {
			isa = PBXGroup;
			children = (
				D3E37A7A1B68D19E0073D401 /* Model */,
				D3E37A231B68BAA20073D401 /* NetWork */,
				D3E379F71B686C9E0073D401 /* AppDelegate.h */,
				D3E379F81B686C9E0073D401 /* AppDelegate.m */,
				D3E379FA1B686C9E0073D401 /* ViewController.h */,
				D3E379FB1B686C9E0073D401 /* ViewController.m */,
				D3E379FD1B686C9E0073D401 /* Main.storyboard */,
				D3E37A001B686C9E0073D401 /* Images.xcassets */,
				D3E37A021B686C9E0073D401 /* LaunchScreen.xib */,
				D3E379F31B686C9E0073D401 /* Supporting Files */,
			);
			path = mybuilding;
			sourceTree = "<group>";
		};
		D3E379F31B686C9E0073D401 /* Supporting Files */ = {
			isa = PBXGroup;
			children = (
				D3E379F41B686C9E0073D401 /* Info.plist */,
				D3E379F51B686C9E0073D401 /* main.m */,
				D3E37A761B68C3250073D401 /* mybuilding.pch */,
			);
			name = "Supporting Files";
			sourceTree = "<group>";
		};
		D3E37A0C1B686C9E0073D401 /* mybuildingTests */ = {
			isa = PBXGroup;
			children = (
				D3E37A0F1B686C9E0073D401 /* mybuildingTests.m */,
				D3E37A0D1B686C9E0073D401 /* Supporting Files */,
			);
			path = mybuildingTests;
			sourceTree = "<group>";
		};
		D3E37A0D1B686C9E0073D401 /* Supporting Files */ = {
			isa = PBXGroup;
			children = (
				D3E37A0E1B686C9E0073D401 /* Info.plist */,
			);
			name = "Supporting Files";
			sourceTree = "<group>";
		};
		D3E37A231B68BAA20073D401 /* NetWork */ = {
			isa = PBXGroup;
			children = (
				D3E37A771B68D15D0073D401 /* SendRequst.h */,
				D3E37A781B68D15D0073D401 /* SendRequst.m */,
				D3E37A731B68C2B20073D401 /* AFAppDotNetAPIClient.h */,
				D3E37A741B68C2B20073D401 /* AFAppDotNetAPIClient.m */,
				D3E37A241B68BAA20073D401 /* AFNetworking */,
				D3E37A381B68BAA20073D401 /* Connection */,
				D3E37A3F1B68BAA20073D401 /* UIKit+AFNetworking */,
			);
			path = NetWork;
			sourceTree = "<group>";
		};
		D3E37A241B68BAA20073D401 /* AFNetworking */ = {
			isa = PBXGroup;
			children = (
				D3E37A251B68BAA20073D401 /* AFHTTPRequestOperation.h */,
				D3E37A261B68BAA20073D401 /* AFHTTPRequestOperation.m */,
				D3E37A271B68BAA20073D401 /* AFHTTPRequestOperationManager.h */,
				D3E37A281B68BAA20073D401 /* AFHTTPRequestOperationManager.m */,
				D3E37A291B68BAA20073D401 /* AFHTTPSessionManager.h */,
				D3E37A2A1B68BAA20073D401 /* AFHTTPSessionManager.m */,
				D3E37A2B1B68BAA20073D401 /* AFNetworking.h */,
				D3E37A2C1B68BAA20073D401 /* AFNetworkReachabilityManager.h */,
				D3E37A2D1B68BAA20073D401 /* AFNetworkReachabilityManager.m */,
				D3E37A2E1B68BAA20073D401 /* AFSecurityPolicy.h */,
				D3E37A2F1B68BAA20073D401 /* AFSecurityPolicy.m */,
				D3E37A301B68BAA20073D401 /* AFURLConnectionOperation.h */,
				D3E37A311B68BAA20073D401 /* AFURLConnectionOperation.m */,
				D3E37A321B68BAA20073D401 /* AFURLRequestSerialization.h */,
				D3E37A331B68BAA20073D401 /* AFURLRequestSerialization.m */,
				D3E37A341B68BAA20073D401 /* AFURLResponseSerialization.h */,
				D3E37A351B68BAA20073D401 /* AFURLResponseSerialization.m */,
				D3E37A361B68BAA20073D401 /* AFURLSessionManager.h */,
				D3E37A371B68BAA20073D401 /* AFURLSessionManager.m */,
			);
			path = AFNetworking;
			sourceTree = "<group>";
		};
		D3E37A381B68BAA20073D401 /* Connection */ = {
			isa = PBXGroup;
			children = (
				D3E37A391B68BAA20073D401 /* ConnectionAvailable.h */,
				D3E37A3A1B68BAA20073D401 /* ConnectionAvailable.m */,
				D3E37A3B1B68BAA20073D401 /* networkConnect.h */,
				D3E37A3C1B68BAA20073D401 /* networkConnect.m */,
				D3E37A3D1B68BAA20073D401 /* Reachability.h */,
				D3E37A3E1B68BAA20073D401 /* Reachability.m */,
			);
			path = Connection;
			sourceTree = "<group>";
		};
		D3E37A3F1B68BAA20073D401 /* UIKit+AFNetworking */ = {
			isa = PBXGroup;
			children = (
				D3E37A401B68BAA20073D401 /* AFNetworkActivityIndicatorManager.h */,
				D3E37A411B68BAA20073D401 /* AFNetworkActivityIndicatorManager.m */,
				D3E37A421B68BAA20073D401 /* UIActivityIndicatorView+AFNetworking.h */,
				D3E37A431B68BAA20073D401 /* UIActivityIndicatorView+AFNetworking.m */,
				D3E37A441B68BAA20073D401 /* UIAlertView+AFNetworking.h */,
				D3E37A451B68BAA20073D401 /* UIAlertView+AFNetworking.m */,
				D3E37A461B68BAA20073D401 /* UIButton+AFNetworking.h */,
				D3E37A471B68BAA20073D401 /* UIButton+AFNetworking.m */,
				D3E37A481B68BAA20073D401 /* UIImageView+AFNetworking.h */,
				D3E37A491B68BAA20073D401 /* UIImageView+AFNetworking.m */,
				D3E37A4A1B68BAA20073D401 /* UIKit+AFNetworking.h */,
				D3E37A4B1B68BAA20073D401 /* UIProgressView+AFNetworking.h */,
				D3E37A4C1B68BAA20073D401 /* UIProgressView+AFNetworking.m */,
				D3E37A4D1B68BAA20073D401 /* UIRefreshControl+AFNetworking.h */,
				D3E37A4E1B68BAA20073D401 /* UIRefreshControl+AFNetworking.m */,
				D3E37A4F1B68BAA20073D401 /* UIWebView+AFNetworking.h */,
				D3E37A501B68BAA20073D401 /* UIWebView+AFNetworking.m */,
			);
			path = "UIKit+AFNetworking";
			sourceTree = "<group>";
		};
		D3E37A7A1B68D19E0073D401 /* Model */ = {
			isa = PBXGroup;
			children = (
				D3E37A7B1B68D1BA0073D401 /* TestNetWorking.h */,
				D3E37A7C1B68D1BA0073D401 /* TestNetWorking.m */,
			);
			path = Model;
			sourceTree = "<group>";
		};
/* End PBXGroup section */

/* Begin PBXNativeTarget section */
		D3E379EF1B686C9E0073D401 /* mybuilding */ = {
			isa = PBXNativeTarget;
			buildConfigurationList = D3E37A131B686C9E0073D401 /* Build configuration list for PBXNativeTarget "mybuilding" */;
			buildPhases = (
				D3E379EC1B686C9E0073D401 /* Sources */,
				D3E379ED1B686C9E0073D401 /* Frameworks */,
				D3E379EE1B686C9E0073D401 /* Resources */,
			);
			buildRules = (
			);
			dependencies = (
			);
			name = mybuilding;
			productName = mybuilding;
			productReference = D3E379F01B686C9E0073D401 /* mybuilding.app */;
			productType = "com.apple.product-type.application";
		};
		D3E37A081B686C9E0073D401 /* mybuildingTests */ = {
			isa = PBXNativeTarget;
			buildConfigurationList = D3E37A161B686C9E0073D401 /* Build configuration list for PBXNativeTarget "mybuildingTests" */;
			buildPhases = (
				D3E37A051B686C9E0073D401 /* Sources */,
				D3E37A061B686C9E0073D401 /* Frameworks */,
				D3E37A071B686C9E0073D401 /* Resources */,
			);
			buildRules = (
			);
			dependencies = (
				D3E37A0B1B686C9E0073D401 /* PBXTargetDependency */,
			);
			name = mybuildingTests;
			productName = mybuildingTests;
			productReference = D3E37A091B686C9E0073D401 /* mybuildingTests.xctest */;
			productType = "com.apple.product-type.bundle.unit-test";
		};
/* End PBXNativeTarget section */

/* Begin PBXProject section */
		D3E379E81B686C9E0073D401 /* Project object */ = {
			isa = PBXProject;
			attributes = {
				LastUpgradeCheck = 0640;
				ORGANIZATIONNAME = wy;
				TargetAttributes = {
					D3E379EF1B686C9E0073D401 = {
						CreatedOnToolsVersion = 6.4;
						DevelopmentTeam = M8S6DXYEZE;
					};
					D3E37A081B686C9E0073D401 = {
						CreatedOnToolsVersion = 6.4;
						TestTargetID = D3E379EF1B686C9E0073D401;
					};
				};
			};
			buildConfigurationList = D3E379EB1B686C9E0073D401 /* Build configuration list for PBXProject "mybuilding" */;
			compatibilityVersion = "Xcode 3.2";
			developmentRegion = English;
			hasScannedForEncodings = 0;
			knownRegions = (
				en,
				Base,
			);
			mainGroup = D3E379E71B686C9E0073D401;
			productRefGroup = D3E379F11B686C9E0073D401 /* Products */;
			projectDirPath = "";
			projectRoot = "";
			targets = (
				D3E379EF1B686C9E0073D401 /* mybuilding */,
				D3E37A081B686C9E0073D401 /* mybuildingTests */,
			);
		};
/* End PBXProject section */

/* Begin PBXResourcesBuildPhase section */
		D3E379EE1B686C9E0073D401 /* Resources */ = {
			isa = PBXResourcesBuildPhase;
			buildActionMask = 2147483647;
			files = (
				D3E379FF1B686C9E0073D401 /* Main.storyboard in Resources */,
				D3E37A041B686C9E0073D401 /* LaunchScreen.xib in Resources */,
				D3E37A011B686C9E0073D401 /* Images.xcassets in Resources */,
			);
			runOnlyForDeploymentPostprocessing = 0;
		};
		D3E37A071B686C9E0073D401 /* Resources */ = {
			isa = PBXResourcesBuildPhase;
			buildActionMask = 2147483647;
			files = (
			);
			runOnlyForDeploymentPostprocessing = 0;
		};
/* End PBXResourcesBuildPhase section */

/* Begin PBXSourcesBuildPhase section */
		D3E379EC1B686C9E0073D401 /* Sources */ = {
			isa = PBXSourcesBuildPhase;
			buildActionMask = 2147483647;
			files = (
				D3E37A511B68BAA20073D401 /* AFHTTPRequestOperation.m in Sources */,
				D3E379FC1B686C9E0073D401 /* ViewController.m in Sources */,
				D3E37A521B68BAA20073D401 /* AFHTTPRequestOperationManager.m in Sources */,
				D3E37A541B68BAA20073D401 /* AFNetworkReachabilityManager.m in Sources */,
				D3E37A5D1B68BAA20073D401 /* AFNetworkActivityIndicatorManager.m in Sources */,
				D3E37A5C1B68BAA20073D401 /* Reachability.m in Sources */,
				D3E37A581B68BAA20073D401 /* AFURLResponseSerialization.m in Sources */,
				D3E37A621B68BAA20073D401 /* UIProgressView+AFNetworking.m in Sources */,
				D3E37A561B68BAA20073D401 /* AFURLConnectionOperation.m in Sources */,
				D3E37A5A1B68BAA20073D401 /* ConnectionAvailable.m in Sources */,
				D3E37A551B68BAA20073D401 /* AFSecurityPolicy.m in Sources */,
				D3E37A601B68BAA20073D401 /* UIButton+AFNetworking.m in Sources */,
				D3E37A611B68BAA20073D401 /* UIImageView+AFNetworking.m in Sources */,
				D3E37A531B68BAA20073D401 /* AFHTTPSessionManager.m in Sources */,
				D3E37A571B68BAA20073D401 /* AFURLRequestSerialization.m in Sources */,
				D3E37A791B68D15D0073D401 /* SendRequst.m in Sources */,
				D3E37A5F1B68BAA20073D401 /* UIAlertView+AFNetworking.m in Sources */,
				D3E37A751B68C2B20073D401 /* AFAppDotNetAPIClient.m in Sources */,
				D3E37A641B68BAA20073D401 /* UIWebView+AFNetworking.m in Sources */,
				D3E37A5E1B68BAA20073D401 /* UIActivityIndicatorView+AFNetworking.m in Sources */,
				D3E37A591B68BAA20073D401 /* AFURLSessionManager.m in Sources */,
				D3E37A7D1B68D1BA0073D401 /* TestNetWorking.m in Sources */,
				D3E37A631B68BAA20073D401 /* UIRefreshControl+AFNetworking.m in Sources */,
				D3E379F91B686C9E0073D401 /* AppDelegate.m in Sources */,
				D3E379F61B686C9E0073D401 /* main.m in Sources */,
				D3E37A5B1B68BAA20073D401 /* networkConnect.m in Sources */,
			);
			runOnlyForDeploymentPostprocessing = 0;
		};
		D3E37A051B686C9E0073D401 /* Sources */ = {
			isa = PBXSourcesBuildPhase;
			buildActionMask = 2147483647;
			files = (
				D3E37A101B686C9E0073D401 /* mybuildingTests.m in Sources */,
			);
			runOnlyForDeploymentPostprocessing = 0;
		};
/* End PBXSourcesBuildPhase section */

/* Begin PBXTargetDependency section */
		D3E37A0B1B686C9E0073D401 /* PBXTargetDependency */ = {
			isa = PBXTargetDependency;
			target = D3E379EF1B686C9E0073D401 /* mybuilding */;
			targetProxy = D3E37A0A1B686C9E0073D401 /* PBXContainerItemProxy */;
		};
/* End PBXTargetDependency section */

/* Begin PBXVariantGroup section */
		D3E379FD1B686C9E0073D401 /* Main.storyboard */ = {
			isa = PBXVariantGroup;
			children = (
				D3E379FE1B686C9E0073D401 /* Base */,
			);
			name = Main.storyboard;
			sourceTree = "<group>";
		};
		D3E37A021B686C9E0073D401 /* LaunchScreen.xib */ = {
			isa = PBXVariantGroup;
			children = (
				D3E37A031B686C9E0073D401 /* Base */,
			);
			name = LaunchScreen.xib;
			sourceTree = "<group>";
		};
/* End PBXVariantGroup section */

/* Begin XCBuildConfiguration section */
		D3E37A111B686C9E0073D401 /* Debug */ = {
			isa = XCBuildConfiguration;
			buildSettings = {
				ALWAYS_SEARCH_USER_PATHS = NO;
				CLANG_CXX_LANGUAGE_STANDARD = "gnu++0x";
				CLANG_CXX_LIBRARY = "libc++";
				CLANG_ENABLE_MODULES = YES;
				CLANG_ENABLE_OBJC_ARC = YES;
				CLANG_WARN_BOOL_CONVERSION = YES;
				CLANG_WARN_CONSTANT_CONVERSION = YES;
				CLANG_WARN_DIRECT_OBJC_ISA_USAGE = YES_ERROR;
				CLANG_WARN_EMPTY_BODY = YES;
				CLANG_WARN_ENUM_CONVERSION = YES;
				CLANG_WARN_INT_CONVERSION = YES;
				CLANG_WARN_OBJC_ROOT_CLASS = YES_ERROR;
				CLANG_WARN_UNREACHABLE_CODE = YES;
				CLANG_WARN__DUPLICATE_METHOD_MATCH = YES;
				CODE_SIGN_IDENTITY = "iPhone Developer: hua ye (JG3N8X8YM7)";
				"CODE_SIGN_IDENTITY[sdk=iphoneos*]" = "iPhone Developer";
				COPY_PHASE_STRIP = NO;
				DEBUG_INFORMATION_FORMAT = "dwarf-with-dsym";
				ENABLE_STRICT_OBJC_MSGSEND = YES;
				GCC_C_LANGUAGE_STANDARD = gnu99;
				GCC_DYNAMIC_NO_PIC = NO;
				GCC_NO_COMMON_BLOCKS = YES;
				GCC_OPTIMIZATION_LEVEL = 0;
				GCC_PRECOMPILE_PREFIX_HEADER = YES;
				GCC_PREFIX_HEADER = "$(SRCROOT)/mybuilding/mybuilding.pch";
				GCC_PREPROCESSOR_DEFINITIONS = (
					"DEBUG=1",
					"$(inherited)",
				);
				GCC_SYMBOLS_PRIVATE_EXTERN = NO;
				GCC_WARN_64_TO_32_BIT_CONVERSION = YES;
				GCC_WARN_ABOUT_RETURN_TYPE = YES_ERROR;
				GCC_WARN_UNDECLARED_SELECTOR = YES;
				GCC_WARN_UNINITIALIZED_AUTOS = YES_AGGRESSIVE;
				GCC_WARN_UNUSED_FUNCTION = YES;
				GCC_WARN_UNUSED_VARIABLE = YES;
				IPHONEOS_DEPLOYMENT_TARGET = 8.4;
				MTL_ENABLE_DEBUG_INFO = YES;
				ONLY_ACTIVE_ARCH = YES;
				SDKROOT = iphoneos;
			};
			name = Debug;
		};
		D3E37A121B686C9E0073D401 /* Release */ = {
			isa = XCBuildConfiguration;
			buildSettings = {
				ALWAYS_SEARCH_USER_PATHS = NO;
				CLANG_CXX_LANGUAGE_STANDARD = "gnu++0x";
				CLANG_CXX_LIBRARY = "libc++";
				CLANG_ENABLE_MODULES = YES;
				CLANG_ENABLE_OBJC_ARC = YES;
				CLANG_WARN_BOOL_CONVERSION = YES;
				CLANG_WARN_CONSTANT_CONVERSION = YES;
				CLANG_WARN_DIRECT_OBJC_ISA_USAGE = YES_ERROR;
				CLANG_WARN_EMPTY_BODY = YES;
				CLANG_WARN_ENUM_CONVERSION = YES;
				CLANG_WARN_INT_CONVERSION = YES;
				CLANG_WARN_OBJC_ROOT_CLASS = YES_ERROR;
				CLANG_WARN_UNREACHABLE_CODE = YES;
				CLANG_WARN__DUPLICATE_METHOD_MATCH = YES;
				CODE_SIGN_IDENTITY = "iPhone Developer: hua ye (JG3N8X8YM7)";
				"CODE_SIGN_IDENTITY[sdk=iphoneos*]" = "iPhone Developer";
				COPY_PHASE_STRIP = NO;
				DEBUG_INFORMATION_FORMAT = "dwarf-with-dsym";
				ENABLE_NS_ASSERTIONS = NO;
				ENABLE_STRICT_OBJC_MSGSEND = YES;
				GCC_C_LANGUAGE_STANDARD = gnu99;
				GCC_NO_COMMON_BLOCKS = YES;
				GCC_PRECOMPILE_PREFIX_HEADER = YES;
				GCC_PREFIX_HEADER = "$(SRCROOT)/mybuilding/mybuilding.pch";
				GCC_WARN_64_TO_32_BIT_CONVERSION = YES;
				GCC_WARN_ABOUT_RETURN_TYPE = YES_ERROR;
				GCC_WARN_UNDECLARED_SELECTOR = YES;
				GCC_WARN_UNINITIALIZED_AUTOS = YES_AGGRESSIVE;
				GCC_WARN_UNUSED_FUNCTION = YES;
				GCC_WARN_UNUSED_VARIABLE = YES;
				IPHONEOS_DEPLOYMENT_TARGET = 8.4;
				MTL_ENABLE_DEBUG_INFO = NO;
				SDKROOT = iphoneos;
				VALIDATE_PRODUCT = YES;
			};
			name = Release;
		};
		D3E37A141B686C9E0073D401 /* Debug */ = {
			isa = XCBuildConfiguration;
			buildSettings = {
				ASSETCATALOG_COMPILER_APPICON_NAME = AppIcon;
				ASSETCATALOG_COMPILER_LAUNCHIMAGE_NAME = LaunchImage;
				CODE_SIGN_IDENTITY = "iPhone Developer";
				INFOPLIST_FILE = mybuilding/Info.plist;
				IPHONEOS_DEPLOYMENT_TARGET = 7.0;
				LD_RUNPATH_SEARCH_PATHS = "$(inherited) @executable_path/Frameworks";
				PRODUCT_NAME = "$(TARGET_NAME)";
			};
			name = Debug;
		};
		D3E37A151B686C9E0073D401 /* Release */ = {
			isa = XCBuildConfiguration;
			buildSettings = {
				ASSETCATALOG_COMPILER_APPICON_NAME = AppIcon;
				ASSETCATALOG_COMPILER_LAUNCHIMAGE_NAME = LaunchImage;
				CODE_SIGN_IDENTITY = "iPhone Developer";
				INFOPLIST_FILE = mybuilding/Info.plist;
				IPHONEOS_DEPLOYMENT_TARGET = 7.0;
				LD_RUNPATH_SEARCH_PATHS = "$(inherited) @executable_path/Frameworks";
				PRODUCT_NAME = "$(TARGET_NAME)";
			};
			name = Release;
		};
		D3E37A171B686C9E0073D401 /* Debug */ = {
			isa = XCBuildConfiguration;
			buildSettings = {
				BUNDLE_LOADER = "$(TEST_HOST)";
				FRAMEWORK_SEARCH_PATHS = (
					"$(SDKROOT)/Developer/Library/Frameworks",
					"$(inherited)",
				);
				GCC_PREPROCESSOR_DEFINITIONS = (
					"DEBUG=1",
					"$(inherited)",
				);
				INFOPLIST_FILE = mybuildingTests/Info.plist;
				LD_RUNPATH_SEARCH_PATHS = "$(inherited) @executable_path/Frameworks @loader_path/Frameworks";
				PRODUCT_NAME = "$(TARGET_NAME)";
				TEST_HOST = "$(BUILT_PRODUCTS_DIR)/mybuilding.app/mybuilding";
			};
			name = Debug;
		};
		D3E37A181B686C9E0073D401 /* Release */ = {
			isa = XCBuildConfiguration;
			buildSettings = {
				BUNDLE_LOADER = "$(TEST_HOST)";
				FRAMEWORK_SEARCH_PATHS = (
					"$(SDKROOT)/Developer/Library/Frameworks",
					"$(inherited)",
				);
				INFOPLIST_FILE = mybuildingTests/Info.plist;
				LD_RUNPATH_SEARCH_PATHS = "$(inherited) @executable_path/Frameworks @loader_path/Frameworks";
				PRODUCT_NAME = "$(TARGET_NAME)";
				TEST_HOST = "$(BUILT_PRODUCTS_DIR)/mybuilding.app/mybuilding";
			};
			name = Release;
		};
/* End XCBuildConfiguration section */

/* Begin XCConfigurationList section */
		D3E379EB1B686C9E0073D401 /* Build configuration list for PBXProject "mybuilding" */ = {
			isa = XCConfigurationList;
			buildConfigurations = (
				D3E37A111B686C9E0073D401 /* Debug */,
				D3E37A121B686C9E0073D401 /* Release */,
			);
			defaultConfigurationIsVisible = 0;
			defaultConfigurationName = Release;
		};
		D3E37A131B686C9E0073D401 /* Build configuration list for PBXNativeTarget "mybuilding" */ = {
			isa = XCConfigurationList;
			buildConfigurations = (
				D3E37A141B686C9E0073D401 /* Debug */,
				D3E37A151B686C9E0073D401 /* Release */,
			);
			defaultConfigurationIsVisible = 0;
			defaultConfigurationName = Release;
		};
		D3E37A161B686C9E0073D401 /* Build configuration list for PBXNativeTarget "mybuildingTests" */ = {
			isa = XCConfigurationList;
			buildConfigurations = (
				D3E37A171B686C9E0073D401 /* Debug */,
				D3E37A181B686C9E0073D401 /* Release */,
			);
			defaultConfigurationIsVisible = 0;
			defaultConfigurationName = Release;
		};
/* End XCConfigurationList section */
	};
	rootObject = D3E379E81B686C9E0073D401 /* Project object */;
}
